
Microsoft Visual Studio Solution File, Format Version 12.00
# Visual Studio 2013
VisualStudioVersion = 12.0.31101.0
MinimumVisualStudioVersion = 10.0.40219.1
Project("{FAE04EC0-301F-11D3-BF4B-00C04F79EFBC}") = "ListaUI", "ListaUI\ListaUI.csproj", "{C45BBE40-F1AC-43E7-98B6-7A94DF69B265}"
EndProject
Project("{FAE04EC0-301F-11D3-BF4B-00C04F79EFBC}") = "ListaComprasModel", "ListaComprasModel\ListaComprasModel.csproj", "{58562C87-96DD-4D54-BDE2-6D195280DF16}"
EndProject
Project("{FAE04EC0-301F-11D3-BF4B-00C04F79EFBC}") = "ItensLista", "ItensLista\ItensLista.csproj", "{7F6D38CA-D8E0-4B15-ADF0-49C233DF0BAA}"
EndProject
Global
	GlobalSection(SolutionConfigurationPlatforms) = preSolution
		Debug|Any CPU = Debug|Any CPU
		Release|Any CPU = Release|Any CPU
	EndGlobalSection
	GlobalSection(ProjectConfigurationPlatforms) = postSolution
		{C45BBE40-F1AC-43E7-98B6-7A94DF69B265}.Debug|Any CPU.ActiveCfg = Debug|Any CPU
		{C45BBE40-F1AC-43E7-98B6-7A94DF69B265}.Debug|Any CPU.Build.0 = Debug|Any CPU
		{C45BBE40-F1AC-43E7-98B6-7A94DF69B265}.Release|Any CPU.ActiveCfg = Release|Any CPU
		{C45BBE40-F1AC-43E7-98B6-7A94DF69B265}.Release|Any CPU.Build.0 = Release|Any CPU
		{58562C87-96DD-4D54-BDE2-6D195280DF16}.Debug|Any CPU.ActiveCfg = Debug|Any CPU
		{58562C87-96DD-4D54-BDE2-6D195280DF16}.Debug|Any CPU.Build.0 = Debug|Any CPU
		{58562C87-96DD-4D54-BDE2-6D195280DF16}.Release|Any CPU.ActiveCfg = Release|Any CPU
		{58562C87-96DD-4D54-BDE2-6D195280DF16}.Release|Any CPU.Build.0 = Release|Any CPU
		{7F6D38CA-D8E0-4B15-ADF0-49C233DF0BAA}.Debug|Any CPU.ActiveCfg = Debug|Any CPU
		{7F6D38CA-D8E0-4B15-ADF0-49C233DF0BAA}.Debug|Any CPU.Build.0 = Debug|Any CPU
		{7F6D38CA-D8E0-4B15-ADF0-49C233DF0BAA}.Release|Any CPU.ActiveCfg = Release|Any CPU
		{7F6D38CA-D8E0-4B15-ADF0-49C233DF0BAA}.Release|Any CPU.Build.0 = Release|Any CPU
	EndGlobalSection
	GlobalSection(SolutionProperties) = preSolution
		HideSolutionNode = FALSE
	EndGlobalSection
EndGlobal
